PODS:
  - Kingfisher (7.3.2)
  - Resolver (1.5.0)

DEPENDENCIES:
  - Kingfisher (~> 7.0)
  - Resolver

SPEC REPOS:
  trunk:
    - Kingfisher
    - Resolver

SPEC CHECKSUMS:
  Kingfisher: 0086ad83719761ba9b2cdaf6ef4d5b4878cbae23
  Resolver: 68984624572763018fd8ec7b8e3e8df0e3b6bba5

PODFILE CHECKSUM: 0e9ca2ea4a8153cd21964583abfb181fb48f1b3d

COCOAPODS: 1.11.3
