// !$*UTF8*$!
{
	archiveVersion = 1;
	classes = {
	};
	objectVersion = 55;
	objects = {

/* Begin PBXBuildFile section */
		B957E27C288307C3003A4616 /* MovieCell.swift in Sources */ = {isa = PBXBuildFile; fileRef = B957E27B288307C3003A4616 /* MovieCell.swift */; };
		B97285C8287DEC45004DEA61 /* AppDelegate.swift in Sources */ = {isa = PBXBuildFile; fileRef = B97285C7287DEC45004DEA61 /* AppDelegate.swift */; };
		B97285CA287DEC45004DEA61 /* SceneDelegate.swift in Sources */ = {isa = PBXBuildFile; fileRef = B97285C9287DEC45004DEA61 /* SceneDelegate.swift */; };
		B97285CC287DEC45004DEA61 /* MovieDatabaseViewController.swift in Sources */ = {isa = PBXBuildFile; fileRef = B97285CB287DEC45004DEA61 /* MovieDatabaseViewController.swift */; };
		B97285CF287DEC45004DEA61 /* Main.storyboard in Resources */ = {isa = PBXBuildFile; fileRef = B97285CD287DEC45004DEA61 /* Main.storyboard */; };
		B97285D1287DEC46004DEA61 /* Assets.xcassets in Resources */ = {isa = PBXBuildFile; fileRef = B97285D0287DEC46004DEA61 /* Assets.xcassets */; };
		B97285D4287DEC46004DEA61 /* LaunchScreen.storyboard in Resources */ = {isa = PBXBuildFile; fileRef = B97285D2287DEC46004DEA61 /* LaunchScreen.storyboard */; };
		B97285DF287DEC46004DEA61 /* Movie_DatabaseTests.swift in Sources */ = {isa = PBXBuildFile; fileRef = B97285DE287DEC46004DEA61 /* Movie_DatabaseTests.swift */; };
		B97285E9287DEC46004DEA61 /* Movie_DatabaseUITests.swift in Sources */ = {isa = PBXBuildFile; fileRef = B97285E8287DEC46004DEA61 /* Movie_DatabaseUITests.swift */; };
		B97285EB287DEC46004DEA61 /* Movie_DatabaseUITestsLaunchTests.swift in Sources */ = {isa = PBXBuildFile; fileRef = B97285EA287DEC46004DEA61 /* Movie_DatabaseUITestsLaunchTests.swift */; };
		B97285FA287DECBA004DEA61 /* Movie.swift in Sources */ = {isa = PBXBuildFile; fileRef = B97285F9287DECBA004DEA61 /* Movie.swift */; };
		B97285FC287DECCB004DEA61 /* Genre.swift in Sources */ = {isa = PBXBuildFile; fileRef = B97285FB287DECCB004DEA61 /* Genre.swift */; };
		B97285FE287DECDB004DEA61 /* MoviesViewModel.swift in Sources */ = {isa = PBXBuildFile; fileRef = B97285FD287DECDB004DEA61 /* MoviesViewModel.swift */; };
		B97ABBBA287F680500699918 /* Poppins-Thin.ttf in Resources */ = {isa = PBXBuildFile; fileRef = B97ABBB9287F67F900699918 /* Poppins-Thin.ttf */; };
		B98EB54A28876936002B4C71 /* CastTableViewController.swift in Sources */ = {isa = PBXBuildFile; fileRef = B98EB54928876936002B4C71 /* CastTableViewController.swift */; };
		B98EB54C28876946002B4C71 /* PhotosTableViewController.swift in Sources */ = {isa = PBXBuildFile; fileRef = B98EB54B28876946002B4C71 /* PhotosTableViewController.swift */; };
		B98EB5502888B43C002B4C71 /* CastCell.swift in Sources */ = {isa = PBXBuildFile; fileRef = B98EB54F2888B43C002B4C71 /* CastCell.swift */; };
		B98EB552288AE1F7002B4C71 /* PhotoCell.swift in Sources */ = {isa = PBXBuildFile; fileRef = B98EB551288AE1F7002B4C71 /* PhotoCell.swift */; };
		B98EB554288EDBEF002B4C71 /* PhotoCellCollectionView.swift in Sources */ = {isa = PBXBuildFile; fileRef = B98EB553288EDBEF002B4C71 /* PhotoCellCollectionView.swift */; };
		B9900F922886037F00E21597 /* MovieDetailsViewController.swift in Sources */ = {isa = PBXBuildFile; fileRef = B9900F912886037F00E21597 /* MovieDetailsViewController.swift */; };
		B9F458C42891B426005DC308 /* MoviesStore.swift in Sources */ = {isa = PBXBuildFile; fileRef = B9F458C32891B426005DC308 /* MoviesStore.swift */; };
		B9F458C72891B494005DC308 /* FileManager.swift in Sources */ = {isa = PBXBuildFile; fileRef = B9F458C62891B494005DC308 /* FileManager.swift */; };
		B9F458C92891C045005DC308 /* Store.swift in Sources */ = {isa = PBXBuildFile; fileRef = B9F458C82891C045005DC308 /* Store.swift */; };
		B9F458CB2891C52D005DC308 /* Date.swift in Sources */ = {isa = PBXBuildFile; fileRef = B9F458CA2891C52D005DC308 /* Date.swift */; };
		B9F458CE2891C636005DC308 /* UILabel.swift in Sources */ = {isa = PBXBuildFile; fileRef = B9F458CD2891C636005DC308 /* UILabel.swift */; };
		B9F458D228934B3D005DC308 /* GenresStore.swift in Sources */ = {isa = PBXBuildFile; fileRef = B9F458D128934B3D005DC308 /* GenresStore.swift */; };
		B9F458D5289369D9005DC308 /* Image.swift in Sources */ = {isa = PBXBuildFile; fileRef = B9F458D4289369D9005DC308 /* Image.swift */; };
		B9F458D728936EBF005DC308 /* ImagesStore.swift in Sources */ = {isa = PBXBuildFile; fileRef = B9F458D628936EBF005DC308 /* ImagesStore.swift */; };
/* End PBXBuildFile section */

/* Begin PBXContainerItemProxy section */
		B97285DB287DEC46004DEA61 /* PBXContainerItemProxy */ = {
			isa = PBXContainerItemProxy;
			containerPortal = B97285BC287DEC45004DEA61 /* Project object */;
			proxyType = 1;
			remoteGlobalIDString = B97285C3287DEC45004DEA61;
			remoteInfo = "Movie-Database";
		};
		B97285E5287DEC46004DEA61 /* PBXContainerItemProxy */ = {
			isa = PBXContainerItemProxy;
			containerPortal = B97285BC287DEC45004DEA61 /* Project object */;
			proxyType = 1;
			remoteGlobalIDString = B97285C3287DEC45004DEA61;
			remoteInfo = "Movie-Database";
		};
/* End PBXContainerItemProxy section */

/* Begin PBXFileReference section */
		B957E27B288307C3003A4616 /* MovieCell.swift */ = {isa = PBXFileReference; lastKnownFileType = sourcecode.swift; path = MovieCell.swift; sourceTree = "<group>"; };
		B97285C4287DEC45004DEA61 /* Movie-Database.app */ = {isa = PBXFileReference; explicitFileType = wrapper.application; includeInIndex = 0; path = "Movie-Database.app"; sourceTree = BUILT_PRODUCTS_DIR; };
		B97285C7287DEC45004DEA61 /* AppDelegate.swift */ = {isa = PBXFileReference; lastKnownFileType = sourcecode.swift; path = AppDelegate.swift; sourceTree = "<group>"; };
		B97285C9287DEC45004DEA61 /* SceneDelegate.swift */ = {isa = PBXFileReference; lastKnownFileType = sourcecode.swift; path = SceneDelegate.swift; sourceTree = "<group>"; };
		B97285CB287DEC45004DEA61 /* MovieDatabaseViewController.swift */ = {isa = PBXFileReference; lastKnownFileType = sourcecode.swift; path = MovieDatabaseViewController.swift; sourceTree = "<group>"; };
		B97285CE287DEC45004DEA61 /* Base */ = {isa = PBXFileReference; lastKnownFileType = file.storyboard; name = Base; path = Base.lproj/Main.storyboard; sourceTree = "<group>"; };
		B97285D0287DEC46004DEA61 /* Assets.xcassets */ = {isa = PBXFileReference; lastKnownFileType = folder.assetcatalog; path = Assets.xcassets; sourceTree = "<group>"; };
		B97285D3287DEC46004DEA61 /* Base */ = {isa = PBXFileReference; lastKnownFileType = file.storyboard; name = Base; path = Base.lproj/LaunchScreen.storyboard; sourceTree = "<group>"; };
		B97285D5287DEC46004DEA61 /* Info.plist */ = {isa = PBXFileReference; lastKnownFileType = text.plist.xml; path = Info.plist; sourceTree = "<group>"; };
		B97285DA287DEC46004DEA61 /* Movie-DatabaseTests.xctest */ = {isa = PBXFileReference; explicitFileType = wrapper.cfbundle; includeInIndex = 0; path = "Movie-DatabaseTests.xctest"; sourceTree = BUILT_PRODUCTS_DIR; };
		B97285DE287DEC46004DEA61 /* Movie_DatabaseTests.swift */ = {isa = PBXFileReference; lastKnownFileType = sourcecode.swift; path = Movie_DatabaseTests.swift; sourceTree = "<group>"; };
		B97285E4287DEC46004DEA61 /* Movie-DatabaseUITests.xctest */ = {isa = PBXFileReference; explicitFileType = wrapper.cfbundle; includeInIndex = 0; path = "Movie-DatabaseUITests.xctest"; sourceTree = BUILT_PRODUCTS_DIR; };
		B97285E8287DEC46004DEA61 /* Movie_DatabaseUITests.swift */ = {isa = PBXFileReference; lastKnownFileType = sourcecode.swift; path = Movie_DatabaseUITests.swift; sourceTree = "<group>"; };
		B97285EA287DEC46004DEA61 /* Movie_DatabaseUITestsLaunchTests.swift */ = {isa = PBXFileReference; lastKnownFileType = sourcecode.swift; path = Movie_DatabaseUITestsLaunchTests.swift; sourceTree = "<group>"; };
		B97285F9287DECBA004DEA61 /* Movie.swift */ = {isa = PBXFileReference; lastKnownFileType = sourcecode.swift; path = Movie.swift; sourceTree = "<group>"; };
		B97285FB287DECCB004DEA61 /* Genre.swift */ = {isa = PBXFileReference; lastKnownFileType = sourcecode.swift; path = Genre.swift; sourceTree = "<group>"; };
		B97285FD287DECDB004DEA61 /* MoviesViewModel.swift */ = {isa = PBXFileReference; lastKnownFileType = sourcecode.swift; path = MoviesViewModel.swift; sourceTree = "<group>"; };
		B97ABBB9287F67F900699918 /* Poppins-Thin.ttf */ = {isa = PBXFileReference; lastKnownFileType = file; name = "Poppins-Thin.ttf"; path = "../../../../Downloads/Poppins/Poppins-Thin.ttf"; sourceTree = "<group>"; };
		B98EB54928876936002B4C71 /* CastTableViewController.swift */ = {isa = PBXFileReference; lastKnownFileType = sourcecode.swift; path = CastTableViewController.swift; sourceTree = "<group>"; };
		B98EB54B28876946002B4C71 /* PhotosTableViewController.swift */ = {isa = PBXFileReference; lastKnownFileType = sourcecode.swift; path = PhotosTableViewController.swift; sourceTree = "<group>"; };
		B98EB54F2888B43C002B4C71 /* CastCell.swift */ = {isa = PBXFileReference; lastKnownFileType = sourcecode.swift; path = CastCell.swift; sourceTree = "<group>"; };
		B98EB551288AE1F7002B4C71 /* PhotoCell.swift */ = {isa = PBXFileReference; lastKnownFileType = sourcecode.swift; path = PhotoCell.swift; sourceTree = "<group>"; };
		B98EB553288EDBEF002B4C71 /* PhotoCellCollectionView.swift */ = {isa = PBXFileReference; lastKnownFileType = sourcecode.swift; path = PhotoCellCollectionView.swift; sourceTree = "<group>"; };
		B9900F912886037F00E21597 /* MovieDetailsViewController.swift */ = {isa = PBXFileReference; lastKnownFileType = sourcecode.swift; path = MovieDetailsViewController.swift; sourceTree = "<group>"; };
		B9F458C32891B426005DC308 /* MoviesStore.swift */ = {isa = PBXFileReference; lastKnownFileType = sourcecode.swift; path = MoviesStore.swift; sourceTree = "<group>"; };
		B9F458C62891B494005DC308 /* FileManager.swift */ = {isa = PBXFileReference; lastKnownFileType = sourcecode.swift; path = FileManager.swift; sourceTree = "<group>"; };
		B9F458C82891C045005DC308 /* Store.swift */ = {isa = PBXFileReference; lastKnownFileType = sourcecode.swift; path = Store.swift; sourceTree = "<group>"; };
		B9F458CA2891C52D005DC308 /* Date.swift */ = {isa = PBXFileReference; lastKnownFileType = sourcecode.swift; path = Date.swift; sourceTree = "<group>"; };
		B9F458CD2891C636005DC308 /* UILabel.swift */ = {isa = PBXFileReference; lastKnownFileType = sourcecode.swift; path = UILabel.swift; sourceTree = "<group>"; };
		B9F458D128934B3D005DC308 /* GenresStore.swift */ = {isa = PBXFileReference; lastKnownFileType = sourcecode.swift; path = GenresStore.swift; sourceTree = "<group>"; };
		B9F458D4289369D9005DC308 /* Image.swift */ = {isa = PBXFileReference; lastKnownFileType = sourcecode.swift; path = Image.swift; sourceTree = "<group>"; };
		B9F458D628936EBF005DC308 /* ImagesStore.swift */ = {isa = PBXFileReference; lastKnownFileType = sourcecode.swift; path = ImagesStore.swift; sourceTree = "<group>"; };
/* End PBXFileReference section */

/* Begin PBXFrameworksBuildPhase section */
		B97285C1287DEC45004DEA61 /* Frameworks */ = {
			isa = PBXFrameworksBuildPhase;
			buildActionMask = 2147483647;
			files = (
			);
			runOnlyForDeploymentPostprocessing = 0;
		};
		B97285D7287DEC46004DEA61 /* Frameworks */ = {
			isa = PBXFrameworksBuildPhase;
			buildActionMask = 2147483647;
			files = (
			);
			runOnlyForDeploymentPostprocessing = 0;
		};
		B97285E1287DEC46004DEA61 /* Frameworks */ = {
			isa = PBXFrameworksBuildPhase;
			buildActionMask = 2147483647;
			files = (
			);
			runOnlyForDeploymentPostprocessing = 0;
		};
/* End PBXFrameworksBuildPhase section */

/* Begin PBXGroup section */
		89C468F01AE7747DA67EB805 /* Pods */ = {
			isa = PBXGroup;
			children = (
			);
			path = Pods;
			sourceTree = "<group>";
		};
		B97285BB287DEC45004DEA61 = {
			isa = PBXGroup;
			children = (
				B97285C6287DEC45004DEA61 /* Movie-Database */,
				B97285DD287DEC46004DEA61 /* Movie-DatabaseTests */,
				B97285E7287DEC46004DEA61 /* Movie-DatabaseUITests */,
				B97285C5287DEC45004DEA61 /* Products */,
				89C468F01AE7747DA67EB805 /* Pods */,
			);
			sourceTree = "<group>";
		};
		B97285C5287DEC45004DEA61 /* Products */ = {
			isa = PBXGroup;
			children = (
				B97285C4287DEC45004DEA61 /* Movie-Database.app */,
				B97285DA287DEC46004DEA61 /* Movie-DatabaseTests.xctest */,
				B97285E4287DEC46004DEA61 /* Movie-DatabaseUITests.xctest */,
			);
			name = Products;
			sourceTree = "<group>";
		};
		B97285C6287DEC45004DEA61 /* Movie-Database */ = {
			isa = PBXGroup;
			children = (
				B9F458D3289369BE005DC308 /* Image */,
				B9F458C52891B47F005DC308 /* Extensions */,
				B97ABBB0287F639600699918 /* Fonts */,
				B97285F8287DECA7004DEA61 /* Models */,
				B98EB555288F1E48002B4C71 /* ViewControllers */,
				B97285F7287DECA0004DEA61 /* ViewModels */,
				B97285C7287DEC45004DEA61 /* AppDelegate.swift */,
				B97285C9287DEC45004DEA61 /* SceneDelegate.swift */,
				B98EB553288EDBEF002B4C71 /* PhotoCellCollectionView.swift */,
				B98EB54F2888B43C002B4C71 /* CastCell.swift */,
				B97285CD287DEC45004DEA61 /* Main.storyboard */,
				B98EB551288AE1F7002B4C71 /* PhotoCell.swift */,
				B97285D0287DEC46004DEA61 /* Assets.xcassets */,
				B957E27B288307C3003A4616 /* MovieCell.swift */,
				B97285D2287DEC46004DEA61 /* LaunchScreen.storyboard */,
				B97285D5287DEC46004DEA61 /* Info.plist */,
			);
			path = "Movie-Database";
			sourceTree = "<group>";
		};
		B97285DD287DEC46004DEA61 /* Movie-DatabaseTests */ = {
			isa = PBXGroup;
			children = (
				B97285DE287DEC46004DEA61 /* Movie_DatabaseTests.swift */,
			);
			path = "Movie-DatabaseTests";
			sourceTree = "<group>";
		};
		B97285E7287DEC46004DEA61 /* Movie-DatabaseUITests */ = {
			isa = PBXGroup;
			children = (
				B97285E8287DEC46004DEA61 /* Movie_DatabaseUITests.swift */,
				B97285EA287DEC46004DEA61 /* Movie_DatabaseUITestsLaunchTests.swift */,
			);
			path = "Movie-DatabaseUITests";
			sourceTree = "<group>";
		};
		B97285F7287DECA0004DEA61 /* ViewModels */ = {
			isa = PBXGroup;
			children = (
				B97285FD287DECDB004DEA61 /* MoviesViewModel.swift */,
			);
			path = ViewModels;
			sourceTree = "<group>";
		};
		B97285F8287DECA7004DEA61 /* Models */ = {
			isa = PBXGroup;
			children = (
				B9F458C82891C045005DC308 /* Store.swift */,
				B9F458C22891B411005DC308 /* Movie */,
				B9F458CC2891C5A2005DC308 /* Genre */,
			);
			path = Models;
			sourceTree = "<group>";
		};
		B97ABBB0287F639600699918 /* Fonts */ = {
			isa = PBXGroup;
			children = (
				B97ABBB9287F67F900699918 /* Poppins-Thin.ttf */,
			);
			path = Fonts;
			sourceTree = "<group>";
		};
		B98EB555288F1E48002B4C71 /* ViewControllers */ = {
			isa = PBXGroup;
			children = (
				B98EB54B28876946002B4C71 /* PhotosTableViewController.swift */,
				B9900F912886037F00E21597 /* MovieDetailsViewController.swift */,
				B97285CB287DEC45004DEA61 /* MovieDatabaseViewController.swift */,
				B98EB54928876936002B4C71 /* CastTableViewController.swift */,
			);
			path = ViewControllers;
			sourceTree = "<group>";
		};
		B9F458C22891B411005DC308 /* Movie */ = {
			isa = PBXGroup;
			children = (
				B97285F9287DECBA004DEA61 /* Movie.swift */,
				B9F458C32891B426005DC308 /* MoviesStore.swift */,
			);
			path = Movie;
			sourceTree = "<group>";
		};
		B9F458C52891B47F005DC308 /* Extensions */ = {
			isa = PBXGroup;
			children = (
				B9F458C62891B494005DC308 /* FileManager.swift */,
				B9F458CA2891C52D005DC308 /* Date.swift */,
				B9F458CD2891C636005DC308 /* UILabel.swift */,
			);
			path = Extensions;
			sourceTree = "<group>";
		};
		B9F458CC2891C5A2005DC308 /* Genre */ = {
			isa = PBXGroup;
			children = (
				B97285FB287DECCB004DEA61 /* Genre.swift */,
				B9F458D128934B3D005DC308 /* GenresStore.swift */,
			);
			path = Genre;
			sourceTree = "<group>";
		};
		B9F458D3289369BE005DC308 /* Image */ = {
			isa = PBXGroup;
			children = (
				B9F458D4289369D9005DC308 /* Image.swift */,
				B9F458D628936EBF005DC308 /* ImagesStore.swift */,
			);
			path = Image;
			sourceTree = "<group>";
		};
/* End PBXGroup section */

/* Begin PBXNativeTarget section */
		B97285C3287DEC45004DEA61 /* Movie-Database */ = {
			isa = PBXNativeTarget;
			buildConfigurationList = B97285EE287DEC46004DEA61 /* Build configuration list for PBXNativeTarget "Movie-Database" */;
			buildPhases = (
				B97285C0287DEC45004DEA61 /* Sources */,
				B97285C1287DEC45004DEA61 /* Frameworks */,
				B97285C2287DEC45004DEA61 /* Resources */,
			);
			buildRules = (
			);
			dependencies = (
			);
			name = "Movie-Database";
			productName = "Movie-Database";
			productReference = B97285C4287DEC45004DEA61 /* Movie-Database.app */;
			productType = "com.apple.product-type.application";
		};
		B97285D9287DEC46004DEA61 /* Movie-DatabaseTests */ = {
			isa = PBXNativeTarget;
			buildConfigurationList = B97285F1287DEC46004DEA61 /* Build configuration list for PBXNativeTarget "Movie-DatabaseTests" */;
			buildPhases = (
				B97285D6287DEC46004DEA61 /* Sources */,
				B97285D7287DEC46004DEA61 /* Frameworks */,
				B97285D8287DEC46004DEA61 /* Resources */,
			);
			buildRules = (
			);
			dependencies = (
				B97285DC287DEC46004DEA61 /* PBXTargetDependency */,
			);
			name = "Movie-DatabaseTests";
			productName = "Movie-DatabaseTests";
			productReference = B97285DA287DEC46004DEA61 /* Movie-DatabaseTests.xctest */;
			productType = "com.apple.product-type.bundle.unit-test";
		};
		B97285E3287DEC46004DEA61 /* Movie-DatabaseUITests */ = {
			isa = PBXNativeTarget;
			buildConfigurationList = B97285F4287DEC46004DEA61 /* Build configuration list for PBXNativeTarget "Movie-DatabaseUITests" */;
			buildPhases = (
				B97285E0287DEC46004DEA61 /* Sources */,
				B97285E1287DEC46004DEA61 /* Frameworks */,
				B97285E2287DEC46004DEA61 /* Resources */,
			);
			buildRules = (
			);
			dependencies = (
				B97285E6287DEC46004DEA61 /* PBXTargetDependency */,
			);
			name = "Movie-DatabaseUITests";
			productName = "Movie-DatabaseUITests";
			productReference = B97285E4287DEC46004DEA61 /* Movie-DatabaseUITests.xctest */;
			productType = "com.apple.product-type.bundle.ui-testing";
		};
/* End PBXNativeTarget section */

/* Begin PBXProject section */
		B97285BC287DEC45004DEA61 /* Project object */ = {
			isa = PBXProject;
			attributes = {
				BuildIndependentTargetsInParallel = 1;
				LastSwiftUpdateCheck = 1340;
				LastUpgradeCheck = 1340;
				TargetAttributes = {
					B97285C3287DEC45004DEA61 = {
						CreatedOnToolsVersion = 13.4.1;
					};
					B97285D9287DEC46004DEA61 = {
						CreatedOnToolsVersion = 13.4.1;
						TestTargetID = B97285C3287DEC45004DEA61;
					};
					B97285E3287DEC46004DEA61 = {
						CreatedOnToolsVersion = 13.4.1;
						TestTargetID = B97285C3287DEC45004DEA61;
					};
				};
			};
			buildConfigurationList = B97285BF287DEC45004DEA61 /* Build configuration list for PBXProject "Movie-Database" */;
			compatibilityVersion = "Xcode 13.0";
			developmentRegion = en;
			hasScannedForEncodings = 0;
			knownRegions = (
				en,
				Base,
			);
			mainGroup = B97285BB287DEC45004DEA61;
			productRefGroup = B97285C5287DEC45004DEA61 /* Products */;
			projectDirPath = "";
			projectRoot = "";
			targets = (
				B97285C3287DEC45004DEA61 /* Movie-Database */,
				B97285D9287DEC46004DEA61 /* Movie-DatabaseTests */,
				B97285E3287DEC46004DEA61 /* Movie-DatabaseUITests */,
			);
		};
/* End PBXProject section */

/* Begin PBXResourcesBuildPhase section */
		B97285C2287DEC45004DEA61 /* Resources */ = {
			isa = PBXResourcesBuildPhase;
			buildActionMask = 2147483647;
			files = (
				B97285D4287DEC46004DEA61 /* LaunchScreen.storyboard in Resources */,
				B97285D1287DEC46004DEA61 /* Assets.xcassets in Resources */,
				B97285CF287DEC45004DEA61 /* Main.storyboard in Resources */,
				B97ABBBA287F680500699918 /* Poppins-Thin.ttf in Resources */,
			);
			runOnlyForDeploymentPostprocessing = 0;
		};
		B97285D8287DEC46004DEA61 /* Resources */ = {
			isa = PBXResourcesBuildPhase;
			buildActionMask = 2147483647;
			files = (
			);
			runOnlyForDeploymentPostprocessing = 0;
		};
		B97285E2287DEC46004DEA61 /* Resources */ = {
			isa = PBXResourcesBuildPhase;
			buildActionMask = 2147483647;
			files = (
			);
			runOnlyForDeploymentPostprocessing = 0;
		};
/* End PBXResourcesBuildPhase section */

/* Begin PBXSourcesBuildPhase section */
		B97285C0287DEC45004DEA61 /* Sources */ = {
			isa = PBXSourcesBuildPhase;
			buildActionMask = 2147483647;
			files = (
				B9F458C72891B494005DC308 /* FileManager.swift in Sources */,
				B98EB54C28876946002B4C71 /* PhotosTableViewController.swift in Sources */,
				B9900F922886037F00E21597 /* MovieDetailsViewController.swift in Sources */,
				B9F458C92891C045005DC308 /* Store.swift in Sources */,
				B9F458D228934B3D005DC308 /* GenresStore.swift in Sources */,
				B9F458D728936EBF005DC308 /* ImagesStore.swift in Sources */,
				B9F458CE2891C636005DC308 /* UILabel.swift in Sources */,
				B98EB54A28876936002B4C71 /* CastTableViewController.swift in Sources */,
				B98EB5502888B43C002B4C71 /* CastCell.swift in Sources */,
				B9F458CB2891C52D005DC308 /* Date.swift in Sources */,
				B98EB552288AE1F7002B4C71 /* PhotoCell.swift in Sources */,
				B957E27C288307C3003A4616 /* MovieCell.swift in Sources */,
				B97285CC287DEC45004DEA61 /* MovieDatabaseViewController.swift in Sources */,
				B97285C8287DEC45004DEA61 /* AppDelegate.swift in Sources */,
				B97285CA287DEC45004DEA61 /* SceneDelegate.swift in Sources */,
				B9F458C42891B426005DC308 /* MoviesStore.swift in Sources */,
				B98EB554288EDBEF002B4C71 /* PhotoCellCollectionView.swift in Sources */,
				B97285FA287DECBA004DEA61 /* Movie.swift in Sources */,
				B97285FC287DECCB004DEA61 /* Genre.swift in Sources */,
				B9F458D5289369D9005DC308 /* Image.swift in Sources */,
				B97285FE287DECDB004DEA61 /* MoviesViewModel.swift in Sources */,
			);
			runOnlyForDeploymentPostprocessing = 0;
		};
		B97285D6287DEC46004DEA61 /* Sources */ = {
			isa = PBXSourcesBuildPhase;
			buildActionMask = 2147483647;
			files = (
				B97285DF287DEC46004DEA61 /* Movie_DatabaseTests.swift in Sources */,
			);
			runOnlyForDeploymentPostprocessing = 0;
		};
		B97285E0287DEC46004DEA61 /* Sources */ = {
			isa = PBXSourcesBuildPhase;
			buildActionMask = 2147483647;
			files = (
				B97285EB287DEC46004DEA61 /* Movie_DatabaseUITestsLaunchTests.swift in Sources */,
				B97285E9287DEC46004DEA61 /* Movie_DatabaseUITests.swift in Sources */,
			);
			runOnlyForDeploymentPostprocessing = 0;
		};
/* End PBXSourcesBuildPhase section */

/* Begin PBXTargetDependency section */
		B97285DC287DEC46004DEA61 /* PBXTargetDependency */ = {
			isa = PBXTargetDependency;
			target = B97285C3287DEC45004DEA61 /* Movie-Database */;
			targetProxy = B97285DB287DEC46004DEA61 /* PBXContainerItemProxy */;
		};
		B97285E6287DEC46004DEA61 /* PBXTargetDependency */ = {
			isa = PBXTargetDependency;
			target = B97285C3287DEC45004DEA61 /* Movie-Database */;
			targetProxy = B97285E5287DEC46004DEA61 /* PBXContainerItemProxy */;
		};
/* End PBXTargetDependency section */

/* Begin PBXVariantGroup section */
		B97285CD287DEC45004DEA61 /* Main.storyboard */ = {
			isa = PBXVariantGroup;
			children = (
				B97285CE287DEC45004DEA61 /* Base */,
			);
			name = Main.storyboard;
			sourceTree = "<group>";
		};
		B97285D2287DEC46004DEA61 /* LaunchScreen.storyboard */ = {
			isa = PBXVariantGroup;
			children = (
				B97285D3287DEC46004DEA61 /* Base */,
			);
			name = LaunchScreen.storyboard;
			sourceTree = "<group>";
		};
/* End PBXVariantGroup section */

/* Begin XCBuildConfiguration section */
		B97285EC287DEC46004DEA61 /* Debug */ = {
			isa = XCBuildConfiguration;
			buildSettings = {
				ALWAYS_SEARCH_USER_PATHS = NO;
				CLANG_ANALYZER_NONNULL = YES;
				CLANG_ANALYZER_NUMBER_OBJECT_CONVERSION = YES_AGGRESSIVE;
				CLANG_CXX_LANGUAGE_STANDARD = "gnu++17";
				CLANG_ENABLE_MODULES = YES;
				CLANG_ENABLE_OBJC_ARC = YES;
				CLANG_ENABLE_OBJC_WEAK = YES;
				CLANG_WARN_BLOCK_CAPTURE_AUTORELEASING = YES;
				CLANG_WARN_BOOL_CONVERSION = YES;
				CLANG_WARN_COMMA = YES;
				CLANG_WARN_CONSTANT_CONVERSION = YES;
				CLANG_WARN_DEPRECATED_OBJC_IMPLEMENTATIONS = YES;
				CLANG_WARN_DIRECT_OBJC_ISA_USAGE = YES_ERROR;
				CLANG_WARN_DOCUMENTATION_COMMENTS = YES;
				CLANG_WARN_EMPTY_BODY = YES;
				CLANG_WARN_ENUM_CONVERSION = YES;
				CLANG_WARN_INFINITE_RECURSION = YES;
				CLANG_WARN_INT_CONVERSION = YES;
				CLANG_WARN_NON_LITERAL_NULL_CONVERSION = YES;
				CLANG_WARN_OBJC_IMPLICIT_RETAIN_SELF = YES;
				CLANG_WARN_OBJC_LITERAL_CONVERSION = YES;
				CLANG_WARN_OBJC_ROOT_CLASS = YES_ERROR;
				CLANG_WARN_QUOTED_INCLUDE_IN_FRAMEWORK_HEADER = YES;
				CLANG_WARN_RANGE_LOOP_ANALYSIS = YES;
				CLANG_WARN_STRICT_PROTOTYPES = YES;
				CLANG_WARN_SUSPICIOUS_MOVE = YES;
				CLANG_WARN_UNGUARDED_AVAILABILITY = YES_AGGRESSIVE;
				CLANG_WARN_UNREACHABLE_CODE = YES;
				CLANG_WARN__DUPLICATE_METHOD_MATCH = YES;
				COPY_PHASE_STRIP = NO;
				DEBUG_INFORMATION_FORMAT = dwarf;
				ENABLE_STRICT_OBJC_MSGSEND = YES;
				ENABLE_TESTABILITY = YES;
				GCC_C_LANGUAGE_STANDARD = gnu11;
				GCC_DYNAMIC_NO_PIC = NO;
				GCC_NO_COMMON_BLOCKS = YES;
				GCC_OPTIMIZATION_LEVEL = 0;
				GCC_PREPROCESSOR_DEFINITIONS = (
					"DEBUG=1",
					"$(inherited)",
				);
				GCC_WARN_64_TO_32_BIT_CONVERSION = YES;
				GCC_WARN_ABOUT_RETURN_TYPE = YES_ERROR;
				GCC_WARN_UNDECLARED_SELECTOR = YES;
				GCC_WARN_UNINITIALIZED_AUTOS = YES_AGGRESSIVE;
				GCC_WARN_UNUSED_FUNCTION = YES;
				GCC_WARN_UNUSED_VARIABLE = YES;
				IPHONEOS_DEPLOYMENT_TARGET = 15.5;
				MTL_ENABLE_DEBUG_INFO = INCLUDE_SOURCE;
				MTL_FAST_MATH = YES;
				ONLY_ACTIVE_ARCH = YES;
				SDKROOT = iphoneos;
				SWIFT_ACTIVE_COMPILATION_CONDITIONS = DEBUG;
				SWIFT_OPTIMIZATION_LEVEL = "-Onone";
			};
			name = Debug;
		};
		B97285ED287DEC46004DEA61 /* Release */ = {
			isa = XCBuildConfiguration;
			buildSettings = {
				ALWAYS_SEARCH_USER_PATHS = NO;
				CLANG_ANALYZER_NONNULL = YES;
				CLANG_ANALYZER_NUMBER_OBJECT_CONVERSION = YES_AGGRESSIVE;
				CLANG_CXX_LANGUAGE_STANDARD = "gnu++17";
				CLANG_ENABLE_MODULES = YES;
				CLANG_ENABLE_OBJC_ARC = YES;
				CLANG_ENABLE_OBJC_WEAK = YES;
				CLANG_WARN_BLOCK_CAPTURE_AUTORELEASING = YES;
				CLANG_WARN_BOOL_CONVERSION = YES;
				CLANG_WARN_COMMA = YES;
				CLANG_WARN_CONSTANT_CONVERSION = YES;
				CLANG_WARN_DEPRECATED_OBJC_IMPLEMENTATIONS = YES;
				CLANG_WARN_DIRECT_OBJC_ISA_USAGE = YES_ERROR;
				CLANG_WARN_DOCUMENTATION_COMMENTS = YES;
				CLANG_WARN_EMPTY_BODY = YES;
				CLANG_WARN_ENUM_CONVERSION = YES;
				CLANG_WARN_INFINITE_RECURSION = YES;
				CLANG_WARN_INT_CONVERSION = YES;
				CLANG_WARN_NON_LITERAL_NULL_CONVERSION = YES;
				CLANG_WARN_OBJC_IMPLICIT_RETAIN_SELF = YES;
				CLANG_WARN_OBJC_LITERAL_CONVERSION = YES;
				CLANG_WARN_OBJC_ROOT_CLASS = YES_ERROR;
				CLANG_WARN_QUOTED_INCLUDE_IN_FRAMEWORK_HEADER = YES;
				CLANG_WARN_RANGE_LOOP_ANALYSIS = YES;
				CLANG_WARN_STRICT_PROTOTYPES = YES;
				CLANG_WARN_SUSPICIOUS_MOVE = YES;
				CLANG_WARN_UNGUARDED_AVAILABILITY = YES_AGGRESSIVE;
				CLANG_WARN_UNREACHABLE_CODE = YES;
				CLANG_WARN__DUPLICATE_METHOD_MATCH = YES;
				COPY_PHASE_STRIP = NO;
				DEBUG_INFORMATION_FORMAT = "dwarf-with-dsym";
				ENABLE_NS_ASSERTIONS = NO;
				ENABLE_STRICT_OBJC_MSGSEND = YES;
				GCC_C_LANGUAGE_STANDARD = gnu11;
				GCC_NO_COMMON_BLOCKS = YES;
				GCC_WARN_64_TO_32_BIT_CONVERSION = YES;
				GCC_WARN_ABOUT_RETURN_TYPE = YES_ERROR;
				GCC_WARN_UNDECLARED_SELECTOR = YES;
				GCC_WARN_UNINITIALIZED_AUTOS = YES_AGGRESSIVE;
				GCC_WARN_UNUSED_FUNCTION = YES;
				GCC_WARN_UNUSED_VARIABLE = YES;
				IPHONEOS_DEPLOYMENT_TARGET = 15.5;
				MTL_ENABLE_DEBUG_INFO = NO;
				MTL_FAST_MATH = YES;
				SDKROOT = iphoneos;
				SWIFT_COMPILATION_MODE = wholemodule;
				SWIFT_OPTIMIZATION_LEVEL = "-O";
				VALIDATE_PRODUCT = YES;
			};
			name = Release;
		};
		B97285EF287DEC46004DEA61 /* Debug */ = {
			isa = XCBuildConfiguration;
			buildSettings = {
				ASSETCATALOG_COMPILER_APPICON_NAME = AppIcon;
				ASSETCATALOG_COMPILER_GLOBAL_ACCENT_COLOR_NAME = AccentColor;
				CODE_SIGN_STYLE = Automatic;
				CURRENT_PROJECT_VERSION = 1;
				DEVELOPMENT_TEAM = 3FR268SB5J;
				FRAMEWORK_SEARCH_PATHS = "${PODS_CONFIGURATION_BUILD_DIR}/ExpandableLabel";
				GENERATE_INFOPLIST_FILE = YES;
				INFOPLIST_FILE = "Movie-Database/Info.plist";
				INFOPLIST_KEY_UIApplicationSupportsIndirectInputEvents = YES;
				INFOPLIST_KEY_UILaunchStoryboardName = LaunchScreen;
				INFOPLIST_KEY_UIMainStoryboardFile = Main;
				INFOPLIST_KEY_UISupportedInterfaceOrientations_iPad = "UIInterfaceOrientationPortrait UIInterfaceOrientationPortraitUpsideDown UIInterfaceOrientationLandscapeLeft UIInterfaceOrientationLandscapeRight";
				INFOPLIST_KEY_UISupportedInterfaceOrientations_iPhone = "UIInterfaceOrientationPortrait UIInterfaceOrientationLandscapeLeft UIInterfaceOrientationLandscapeRight";
				LD_RUNPATH_SEARCH_PATHS = (
					"$(inherited)",
					"@executable_path/Frameworks",
				);
				MARKETING_VERSION = 1.0;
				PRODUCT_BUNDLE_IDENTIFIER = "CI-T.Movie-Database";
				PRODUCT_NAME = "$(TARGET_NAME)";
				SWIFT_EMIT_LOC_STRINGS = YES;
				SWIFT_VERSION = 5.0;
				TARGETED_DEVICE_FAMILY = "1,2";
			};
			name = Debug;
		};
		B97285F0287DEC46004DEA61 /* Release */ = {
			isa = XCBuildConfiguration;
			buildSettings = {
				ASSETCATALOG_COMPILER_APPICON_NAME = AppIcon;
				ASSETCATALOG_COMPILER_GLOBAL_ACCENT_COLOR_NAME = AccentColor;
				CODE_SIGN_STYLE = Automatic;
				CURRENT_PROJECT_VERSION = 1;
				DEVELOPMENT_TEAM = 3FR268SB5J;
				FRAMEWORK_SEARCH_PATHS = "${PODS_CONFIGURATION_BUILD_DIR}/ExpandableLabel";
				GENERATE_INFOPLIST_FILE = YES;
				INFOPLIST_FILE = "Movie-Database/Info.plist";
				INFOPLIST_KEY_UIApplicationSupportsIndirectInputEvents = YES;
				INFOPLIST_KEY_UILaunchStoryboardName = LaunchScreen;
				INFOPLIST_KEY_UIMainStoryboardFile = Main;
				INFOPLIST_KEY_UISupportedInterfaceOrientations_iPad = "UIInterfaceOrientationPortrait UIInterfaceOrientationPortraitUpsideDown UIInterfaceOrientationLandscapeLeft UIInterfaceOrientationLandscapeRight";
				INFOPLIST_KEY_UISupportedInterfaceOrientations_iPhone = "UIInterfaceOrientationPortrait UIInterfaceOrientationLandscapeLeft UIInterfaceOrientationLandscapeRight";
				LD_RUNPATH_SEARCH_PATHS = (
					"$(inherited)",
					"@executable_path/Frameworks",
				);
				MARKETING_VERSION = 1.0;
				PRODUCT_BUNDLE_IDENTIFIER = "CI-T.Movie-Database";
				PRODUCT_NAME = "$(TARGET_NAME)";
				SWIFT_EMIT_LOC_STRINGS = YES;
				SWIFT_VERSION = 5.0;
				TARGETED_DEVICE_FAMILY = "1,2";
			};
			name = Release;
		};
		B97285F2287DEC46004DEA61 /* Debug */ = {
			isa = XCBuildConfiguration;
			buildSettings = {
				ALWAYS_EMBED_SWIFT_STANDARD_LIBRARIES = YES;
				BUNDLE_LOADER = "$(TEST_HOST)";
				CODE_SIGN_STYLE = Automatic;
				CURRENT_PROJECT_VERSION = 1;
				DEVELOPMENT_TEAM = 3FR268SB5J;
				GENERATE_INFOPLIST_FILE = YES;
				IPHONEOS_DEPLOYMENT_TARGET = 15.5;
				MARKETING_VERSION = 1.0;
				PRODUCT_BUNDLE_IDENTIFIER = "CI-T.Movie-DatabaseTests";
				PRODUCT_NAME = "$(TARGET_NAME)";
				SWIFT_EMIT_LOC_STRINGS = NO;
				SWIFT_VERSION = 5.0;
				TARGETED_DEVICE_FAMILY = "1,2";
				TEST_HOST = "$(BUILT_PRODUCTS_DIR)/Movie-Database.app/Movie-Database";
			};
			name = Debug;
		};
		B97285F3287DEC46004DEA61 /* Release */ = {
			isa = XCBuildConfiguration;
			buildSettings = {
				ALWAYS_EMBED_SWIFT_STANDARD_LIBRARIES = YES;
				BUNDLE_LOADER = "$(TEST_HOST)";
				CODE_SIGN_STYLE = Automatic;
				CURRENT_PROJECT_VERSION = 1;
				DEVELOPMENT_TEAM = 3FR268SB5J;
				GENERATE_INFOPLIST_FILE = YES;
				IPHONEOS_DEPLOYMENT_TARGET = 15.5;
				MARKETING_VERSION = 1.0;
				PRODUCT_BUNDLE_IDENTIFIER = "CI-T.Movie-DatabaseTests";
				PRODUCT_NAME = "$(TARGET_NAME)";
				SWIFT_EMIT_LOC_STRINGS = NO;
				SWIFT_VERSION = 5.0;
				TARGETED_DEVICE_FAMILY = "1,2";
				TEST_HOST = "$(BUILT_PRODUCTS_DIR)/Movie-Database.app/Movie-Database";
			};
			name = Release;
		};
		B97285F5287DEC46004DEA61 /* Debug */ = {
			isa = XCBuildConfiguration;
			buildSettings = {
				ALWAYS_EMBED_SWIFT_STANDARD_LIBRARIES = YES;
				CODE_SIGN_STYLE = Automatic;
				CURRENT_PROJECT_VERSION = 1;
				DEVELOPMENT_TEAM = 3FR268SB5J;
				GENERATE_INFOPLIST_FILE = YES;
				MARKETING_VERSION = 1.0;
				PRODUCT_BUNDLE_IDENTIFIER = "CI-T.Movie-DatabaseUITests";
				PRODUCT_NAME = "$(TARGET_NAME)";
				SWIFT_EMIT_LOC_STRINGS = NO;
				SWIFT_VERSION = 5.0;
				TARGETED_DEVICE_FAMILY = "1,2";
				TEST_TARGET_NAME = "Movie-Database";
			};
			name = Debug;
		};
		B97285F6287DEC46004DEA61 /* Release */ = {
			isa = XCBuildConfiguration;
			buildSettings = {
				ALWAYS_EMBED_SWIFT_STANDARD_LIBRARIES = YES;
				CODE_SIGN_STYLE = Automatic;
				CURRENT_PROJECT_VERSION = 1;
				DEVELOPMENT_TEAM = 3FR268SB5J;
				GENERATE_INFOPLIST_FILE = YES;
				MARKETING_VERSION = 1.0;
				PRODUCT_BUNDLE_IDENTIFIER = "CI-T.Movie-DatabaseUITests";
				PRODUCT_NAME = "$(TARGET_NAME)";
				SWIFT_EMIT_LOC_STRINGS = NO;
				SWIFT_VERSION = 5.0;
				TARGETED_DEVICE_FAMILY = "1,2";
				TEST_TARGET_NAME = "Movie-Database";
			};
			name = Release;
		};
/* End XCBuildConfiguration section */

/* Begin XCConfigurationList section */
		B97285BF287DEC45004DEA61 /* Build configuration list for PBXProject "Movie-Database" */ = {
			isa = XCConfigurationList;
			buildConfigurations = (
				B97285EC287DEC46004DEA61 /* Debug */,
				B97285ED287DEC46004DEA61 /* Release */,
			);
			defaultConfigurationIsVisible = 0;
			defaultConfigurationName = Release;
		};
		B97285EE287DEC46004DEA61 /* Build configuration list for PBXNativeTarget "Movie-Database" */ = {
			isa = XCConfigurationList;
			buildConfigurations = (
				B97285EF287DEC46004DEA61 /* Debug */,
				B97285F0287DEC46004DEA61 /* Release */,
			);
			defaultConfigurationIsVisible = 0;
			defaultConfigurationName = Release;
		};
		B97285F1287DEC46004DEA61 /* Build configuration list for PBXNativeTarget "Movie-DatabaseTests" */ = {
			isa = XCConfigurationList;
			buildConfigurations = (
				B97285F2287DEC46004DEA61 /* Debug */,
				B97285F3287DEC46004DEA61 /* Release */,
			);
			defaultConfigurationIsVisible = 0;
			defaultConfigurationName = Release;
		};
		B97285F4287DEC46004DEA61 /* Build configuration list for PBXNativeTarget "Movie-DatabaseUITests" */ = {
			isa = XCConfigurationList;
			buildConfigurations = (
				B97285F5287DEC46004DEA61 /* Debug */,
				B97285F6287DEC46004DEA61 /* Release */,
			);
			defaultConfigurationIsVisible = 0;
			defaultConfigurationName = Release;
		};
/* End XCConfigurationList section */
	};
	rootObject = B97285BC287DEC45004DEA61 /* Project object */;
}
